
Microsoft Visual Studio Solution File, Format Version 12.00
# Visual Studio Version 16
VisualStudioVersion = 16.0.31005.135
MinimumVisualStudioVersion = 10.0.40219.1
Project("{FAE04EC0-301F-11D3-BF4B-00C04F79EFBC}") = "DomainModels", "DomainModel\DomainModels.csproj", "{01779EA1-8412-441A-8BEE-46CE6791EFDF}"
EndProject
Project("{FAE04EC0-301F-11D3-BF4B-00C04F79EFBC}") = "Persistence", "Persistence\Persistence.csproj", "{B77AA6DF-4597-4BAC-BEF5-15A0ACCEF150}"
EndProject
Project("{FAE04EC0-301F-11D3-BF4B-00C04F79EFBC}") = "MyResumeWeb", "MyResumeWeb\MyResumeWeb.csproj", "{337E0AA0-DEC4-4A0F-BC8C-0E55C58FB220}"
EndProject
Global
	GlobalSection(SolutionConfigurationPlatforms) = preSolution
		Debug|Any CPU = Debug|Any CPU
		Release|Any CPU = Release|Any CPU
	EndGlobalSection
	GlobalSection(ProjectConfigurationPlatforms) = postSolution
		{01779EA1-8412-441A-8BEE-46CE6791EFDF}.Debug|Any CPU.ActiveCfg = Debug|Any CPU
		{01779EA1-8412-441A-8BEE-46CE6791EFDF}.Debug|Any CPU.Build.0 = Debug|Any CPU
		{01779EA1-8412-441A-8BEE-46CE6791EFDF}.Release|Any CPU.ActiveCfg = Release|Any CPU
		{01779EA1-8412-441A-8BEE-46CE6791EFDF}.Release|Any CPU.Build.0 = Release|Any CPU
		{B77AA6DF-4597-4BAC-BEF5-15A0ACCEF150}.Debug|Any CPU.ActiveCfg = Debug|Any CPU
		{B77AA6DF-4597-4BAC-BEF5-15A0ACCEF150}.Debug|Any CPU.Build.0 = Debug|Any CPU
		{B77AA6DF-4597-4BAC-BEF5-15A0ACCEF150}.Release|Any CPU.ActiveCfg = Release|Any CPU
		{B77AA6DF-4597-4BAC-BEF5-15A0ACCEF150}.Release|Any CPU.Build.0 = Release|Any CPU
		{337E0AA0-DEC4-4A0F-BC8C-0E55C58FB220}.Debug|Any CPU.ActiveCfg = Debug|Any CPU
		{337E0AA0-DEC4-4A0F-BC8C-0E55C58FB220}.Debug|Any CPU.Build.0 = Debug|Any CPU
		{337E0AA0-DEC4-4A0F-BC8C-0E55C58FB220}.Release|Any CPU.ActiveCfg = Release|Any CPU
		{337E0AA0-DEC4-4A0F-BC8C-0E55C58FB220}.Release|Any CPU.Build.0 = Release|Any CPU
	EndGlobalSection
	GlobalSection(SolutionProperties) = preSolution
		HideSolutionNode = FALSE
	EndGlobalSection
	GlobalSection(ExtensibilityGlobals) = postSolution
		SolutionGuid = {4481B042-C238-403E-927D-B81CE01F945B}
	EndGlobalSection
EndGlobal
